
Microsoft Visual Studio Solution File, Format Version 12.00
# Visual Studio Version 17
VisualStudioVersion = 17.5.002.0
MinimumVisualStudioVersion = 10.0.40219.1
Project("{9A19103F-16F7-4668-BE54-9A1E7A4F7556}") = "Week9ReadingFromFile", "Week9ReadingFromFile.csproj", "{BFF63C2B-5383-491A-AC4A-78A2C2252441}"
EndProject
Global
	GlobalSection(SolutionConfigurationPlatforms) = preSolution
		Debug|Any CPU = Debug|Any CPU
		Release|Any CPU = Release|Any CPU
	EndGlobalSection
	GlobalSection(ProjectConfigurationPlatforms) = postSolution
		{BFF63C2B-5383-491A-AC4A-78A2C2252441}.Debug|Any CPU.ActiveCfg = Debug|Any CPU
		{BFF63C2B-5383-491A-AC4A-78A2C2252441}.Debug|Any CPU.Build.0 = Debug|Any CPU
		{BFF63C2B-5383-491A-AC4A-78A2C2252441}.Release|Any CPU.ActiveCfg = Release|Any CPU
		{BFF63C2B-5383-491A-AC4A-78A2C2252441}.Release|Any CPU.Build.0 = Release|Any CPU
	EndGlobalSection
	GlobalSection(SolutionProperties) = preSolution
		HideSolutionNode = FALSE
	EndGlobalSection
	GlobalSection(ExtensibilityGlobals) = postSolution
		SolutionGuid = {E18E7501-F1FF-46EF-B26A-97388EDD4241}
	EndGlobalSection
EndGlobal
